
Microsoft Visual Studio Solution File, Format Version 12.00
# Visual Studio Version 16
VisualStudioVersion = 16.0.32126.315
MinimumVisualStudioVersion = 10.0.40219.1
Project("{9A19103F-16F7-4668-BE54-9A1E7A4F7556}") = "WeekDays", "Homework №1 Mazurek Marina\WeekDays.csproj", "{38BA41D1-200A-4AB2-9B37-F4F6F2501D8E}"
EndProject
Project("{9A19103F-16F7-4668-BE54-9A1E7A4F7556}") = "Multiplication Table", "Calculator\Multiplication Table.csproj", "{77CA6F72-7164-40A2-BC3C-725DBF760EAD}"
EndProject
Project("{9A19103F-16F7-4668-BE54-9A1E7A4F7556}") = "HOMEWORK 3.1", "HOMEWORK 3.1\HOMEWORK 3.1.csproj", "{129FC528-1A47-42AF-BAB1-25A180309E89}"
EndProject
Project("{9A19103F-16F7-4668-BE54-9A1E7A4F7556}") = "HOMEWORK 3.3", "HOMEWORK 3.3\HOMEWORK 3.3.csproj", "{F3D2E504-B447-4F75-B972-3BA113836DB3}"
EndProject
Project("{9A19103F-16F7-4668-BE54-9A1E7A4F7556}") = "HOMEWORK 2", "HOMEWORK 2\HOMEWORK 2.csproj", "{01FDB675-01A9-4192-BBFF-E143A0A4E5FC}"
EndProject
Project("{9A19103F-16F7-4668-BE54-9A1E7A4F7556}") = "HOMEWORK 3 Plane", "HOMEWORK 3 Plane\HOMEWORK 3 Plane.csproj", "{CE89AA14-ACAA-4766-9636-F7E4707C6061}"
EndProject
Project("{9A19103F-16F7-4668-BE54-9A1E7A4F7556}") = "HomeWork 4", "HomeWork 4\HomeWork 4.csproj", "{CF1706FB-26E5-48CD-B2FF-4AD2CE6FD90D}"
EndProject
Project("{9A19103F-16F7-4668-BE54-9A1E7A4F7556}") = "HOMEWORK 5 Telephones", "HOMEWORK 5 Telephones\HOMEWORK 5 Telephones.csproj", "{901A3272-91B7-42D0-870C-1E0CDA0B2796}"
EndProject
Project("{FAE04EC0-301F-11D3-BF4B-00C04F79EFBC}") = "Homework 6 Gardeners", "Homework 6 Gardeners\Homework 6 Gardeners.csproj", "{4710F491-B1F9-404C-B4D3-CD4288B58B30}"
EndProject
Project("{FAE04EC0-301F-11D3-BF4B-00C04F79EFBC}") = "Homework 6 Matrix", "Homework 6 Matrix\Homework 6 Matrix.csproj", "{3C914F31-44B4-4102-9413-3FD1930A5A94}"
EndProject
Global
	GlobalSection(SolutionConfigurationPlatforms) = preSolution
		Debug|Any CPU = Debug|Any CPU
		Release|Any CPU = Release|Any CPU
	EndGlobalSection
	GlobalSection(ProjectConfigurationPlatforms) = postSolution
		{38BA41D1-200A-4AB2-9B37-F4F6F2501D8E}.Debug|Any CPU.ActiveCfg = Debug|Any CPU
		{38BA41D1-200A-4AB2-9B37-F4F6F2501D8E}.Debug|Any CPU.Build.0 = Debug|Any CPU
		{38BA41D1-200A-4AB2-9B37-F4F6F2501D8E}.Release|Any CPU.ActiveCfg = Release|Any CPU
		{38BA41D1-200A-4AB2-9B37-F4F6F2501D8E}.Release|Any CPU.Build.0 = Release|Any CPU
		{77CA6F72-7164-40A2-BC3C-725DBF760EAD}.Debug|Any CPU.ActiveCfg = Debug|Any CPU
		{77CA6F72-7164-40A2-BC3C-725DBF760EAD}.Debug|Any CPU.Build.0 = Debug|Any CPU
		{77CA6F72-7164-40A2-BC3C-725DBF760EAD}.Release|Any CPU.ActiveCfg = Release|Any CPU
		{77CA6F72-7164-40A2-BC3C-725DBF760EAD}.Release|Any CPU.Build.0 = Release|Any CPU
		{129FC528-1A47-42AF-BAB1-25A180309E89}.Debug|Any CPU.ActiveCfg = Debug|Any CPU
		{129FC528-1A47-42AF-BAB1-25A180309E89}.Debug|Any CPU.Build.0 = Debug|Any CPU
		{129FC528-1A47-42AF-BAB1-25A180309E89}.Release|Any CPU.ActiveCfg = Release|Any CPU
		{129FC528-1A47-42AF-BAB1-25A180309E89}.Release|Any CPU.Build.0 = Release|Any CPU
		{F3D2E504-B447-4F75-B972-3BA113836DB3}.Debug|Any CPU.ActiveCfg = Debug|Any CPU
		{F3D2E504-B447-4F75-B972-3BA113836DB3}.Debug|Any CPU.Build.0 = Debug|Any CPU
		{F3D2E504-B447-4F75-B972-3BA113836DB3}.Release|Any CPU.ActiveCfg = Release|Any CPU
		{F3D2E504-B447-4F75-B972-3BA113836DB3}.Release|Any CPU.Build.0 = Release|Any CPU
		{01FDB675-01A9-4192-BBFF-E143A0A4E5FC}.Debug|Any CPU.ActiveCfg = Debug|Any CPU
		{01FDB675-01A9-4192-BBFF-E143A0A4E5FC}.Debug|Any CPU.Build.0 = Debug|Any CPU
		{01FDB675-01A9-4192-BBFF-E143A0A4E5FC}.Release|Any CPU.ActiveCfg = Release|Any CPU
		{01FDB675-01A9-4192-BBFF-E143A0A4E5FC}.Release|Any CPU.Build.0 = Release|Any CPU
		{CE89AA14-ACAA-4766-9636-F7E4707C6061}.Debug|Any CPU.ActiveCfg = Debug|Any CPU
		{CE89AA14-ACAA-4766-9636-F7E4707C6061}.Debug|Any CPU.Build.0 = Debug|Any CPU
		{CE89AA14-ACAA-4766-9636-F7E4707C6061}.Release|Any CPU.ActiveCfg = Release|Any CPU
		{CE89AA14-ACAA-4766-9636-F7E4707C6061}.Release|Any CPU.Build.0 = Release|Any CPU
		{CF1706FB-26E5-48CD-B2FF-4AD2CE6FD90D}.Debug|Any CPU.ActiveCfg = Debug|Any CPU
		{CF1706FB-26E5-48CD-B2FF-4AD2CE6FD90D}.Debug|Any CPU.Build.0 = Debug|Any CPU
		{CF1706FB-26E5-48CD-B2FF-4AD2CE6FD90D}.Release|Any CPU.ActiveCfg = Release|Any CPU
		{CF1706FB-26E5-48CD-B2FF-4AD2CE6FD90D}.Release|Any CPU.Build.0 = Release|Any CPU
		{901A3272-91B7-42D0-870C-1E0CDA0B2796}.Debug|Any CPU.ActiveCfg = Debug|Any CPU
		{901A3272-91B7-42D0-870C-1E0CDA0B2796}.Debug|Any CPU.Build.0 = Debug|Any CPU
		{901A3272-91B7-42D0-870C-1E0CDA0B2796}.Release|Any CPU.ActiveCfg = Release|Any CPU
		{901A3272-91B7-42D0-870C-1E0CDA0B2796}.Release|Any CPU.Build.0 = Release|Any CPU
		{4710F491-B1F9-404C-B4D3-CD4288B58B30}.Debug|Any CPU.ActiveCfg = Debug|Any CPU
		{4710F491-B1F9-404C-B4D3-CD4288B58B30}.Debug|Any CPU.Build.0 = Debug|Any CPU
		{4710F491-B1F9-404C-B4D3-CD4288B58B30}.Release|Any CPU.ActiveCfg = Release|Any CPU
		{4710F491-B1F9-404C-B4D3-CD4288B58B30}.Release|Any CPU.Build.0 = Release|Any CPU
		{3C914F31-44B4-4102-9413-3FD1930A5A94}.Debug|Any CPU.ActiveCfg = Debug|Any CPU
		{3C914F31-44B4-4102-9413-3FD1930A5A94}.Debug|Any CPU.Build.0 = Debug|Any CPU
		{3C914F31-44B4-4102-9413-3FD1930A5A94}.Release|Any CPU.ActiveCfg = Release|Any CPU
		{3C914F31-44B4-4102-9413-3FD1930A5A94}.Release|Any CPU.Build.0 = Release|Any CPU
	EndGlobalSection
	GlobalSection(SolutionProperties) = preSolution
		HideSolutionNode = FALSE
	EndGlobalSection
	GlobalSection(ExtensibilityGlobals) = postSolution
		SolutionGuid = {07E18522-E192-42E9-A8A2-C9FDA1EFA8CD}
	EndGlobalSection
EndGlobal
